// !$*UTF8*$!
{
	archiveVersion = 1;
	classes = {
	};
	objectVersion = 51;
	objects = {

/* Begin PBXBuildFile section */
		603D9E242E1A83D8166142E2 /* Pods_US_BANGLA_AIRLINES_US_BANGLA_AIRLINESUITests.framework in Frameworks */ = {isa = PBXBuildFile; fileRef = DD42F0CA14557A84DBEE7641 /* Pods_US_BANGLA_AIRLINES_US_BANGLA_AIRLINESUITests.framework */; };
		8E3ADD8B2598D11E00B55C89 /* FlightFilterViewController.swift in Sources */ = {isa = PBXBuildFile; fileRef = 8E3ADD8A2598D11E00B55C89 /* FlightFilterViewController.swift */; };
		8E3ADD8D2598D30F00B55C89 /* FlightBooking.storyboard in Resources */ = {isa = PBXBuildFile; fileRef = 8E3ADD8C2598D30F00B55C89 /* FlightBooking.storyboard */; };
		8E3CD0A125D4556B00BAA3B2 /* ManageBookingViewController.swift in Sources */ = {isa = PBXBuildFile; fileRef = 8E3CD0A025D4556B00BAA3B2 /* ManageBookingViewController.swift */; };
		8E3CD0A625D4557B00BAA3B2 /* SkyStarViewController.swift in Sources */ = {isa = PBXBuildFile; fileRef = 8E3CD0A525D4557B00BAA3B2 /* SkyStarViewController.swift */; };
		8E47073E259BB0A100BFF8A2 /* OneWayFlightCell.swift in Sources */ = {isa = PBXBuildFile; fileRef = 8E47073D259BB0A100BFF8A2 /* OneWayFlightCell.swift */; };
		8E470740259BB0B900BFF8A2 /* ReturnFlightCell.swift in Sources */ = {isa = PBXBuildFile; fileRef = 8E47073F259BB0B900BFF8A2 /* ReturnFlightCell.swift */; };
		8E470742259BB18000BFF8A2 /* ReturnFlightExpandedCell.swift in Sources */ = {isa = PBXBuildFile; fileRef = 8E470741259BB18000BFF8A2 /* ReturnFlightExpandedCell.swift */; };
		8E4B43122596091700B35133 /* HomeViewController.swift in Sources */ = {isa = PBXBuildFile; fileRef = 8E4B43112596091700B35133 /* HomeViewController.swift */; };
		8E4B43142596093900B35133 /* CustomWebViewController.swift in Sources */ = {isa = PBXBuildFile; fileRef = 8E4B43132596093900B35133 /* CustomWebViewController.swift */; };
		8E4B431625960AF400B35133 /* Reachability.swift in Sources */ = {isa = PBXBuildFile; fileRef = 8E4B431525960AF400B35133 /* Reachability.swift */; };
		8E4B431825960B0B00B35133 /* Helper.swift in Sources */ = {isa = PBXBuildFile; fileRef = 8E4B431725960B0B00B35133 /* Helper.swift */; };
		8E4B431A25960B1400B35133 /* Validator.swift in Sources */ = {isa = PBXBuildFile; fileRef = 8E4B431925960B1400B35133 /* Validator.swift */; };
		8E4B431F2596691D00B35133 /* SideBarTableViewCell.xib in Resources */ = {isa = PBXBuildFile; fileRef = 8E4B431D2596691D00B35133 /* SideBarTableViewCell.xib */; };
		8E4B43202596691D00B35133 /* SideBarTableViewCell.swift in Sources */ = {isa = PBXBuildFile; fileRef = 8E4B431E2596691D00B35133 /* SideBarTableViewCell.swift */; };
		8E57919D259B16AE0089C75A /* PassengerInfo.storyboard in Resources */ = {isa = PBXBuildFile; fileRef = 8E57919C259B16AE0089C75A /* PassengerInfo.storyboard */; };
		8E644EA625CD6A9800EF61D8 /* OfferPlaceModel.swift in Sources */ = {isa = PBXBuildFile; fileRef = 8E644EA525CD6A9800EF61D8 /* OfferPlaceModel.swift */; };
		8E6C61E525CD7CC400000437 /* OfferPlaceCollectionViewCell.swift in Sources */ = {isa = PBXBuildFile; fileRef = 8E6C61E425CD7CC400000437 /* OfferPlaceCollectionViewCell.swift */; };
		8E7DF23225B092EA00283A71 /* ValueCodeModel.swift in Sources */ = {isa = PBXBuildFile; fileRef = 8E7DF23125B092EA00283A71 /* ValueCodeModel.swift */; };
		8E7DF23625B09A9000283A71 /* CityPairModel.swift in Sources */ = {isa = PBXBuildFile; fileRef = 8E7DF23525B09A9000283A71 /* CityPairModel.swift */; };
		8E7DF23825B0D03300283A71 /* FlightSearchModel.swift in Sources */ = {isa = PBXBuildFile; fileRef = 8E7DF23725B0D03300283A71 /* FlightSearchModel.swift */; };
		8E7E81FD2595B5A100530D14 /* AppDelegate.swift in Sources */ = {isa = PBXBuildFile; fileRef = 8E7E81FC2595B5A100530D14 /* AppDelegate.swift */; };
		8E7E82042595B5A100530D14 /* Main.storyboard in Resources */ = {isa = PBXBuildFile; fileRef = 8E7E82022595B5A100530D14 /* Main.storyboard */; };
		8E7E82062595B5A300530D14 /* Assets.xcassets in Resources */ = {isa = PBXBuildFile; fileRef = 8E7E82052595B5A300530D14 /* Assets.xcassets */; };
		8E7E82092595B5A300530D14 /* LaunchScreen.storyboard in Resources */ = {isa = PBXBuildFile; fileRef = 8E7E82072595B5A300530D14 /* LaunchScreen.storyboard */; };
		8E7E82142595B5A400530D14 /* US_BANGLA_AIRLINESTests.swift in Sources */ = {isa = PBXBuildFile; fileRef = 8E7E82132595B5A400530D14 /* US_BANGLA_AIRLINESTests.swift */; };
		8E7E821F2595B5A400530D14 /* US_BANGLA_AIRLINESUITests.swift in Sources */ = {isa = PBXBuildFile; fileRef = 8E7E821E2595B5A400530D14 /* US_BANGLA_AIRLINESUITests.swift */; };
		8EA45ABF259A313E000DA006 /* ReturnFlightViewController.swift in Sources */ = {isa = PBXBuildFile; fileRef = 8EA45ABE259A313E000DA006 /* ReturnFlightViewController.swift */; };
		8EA45AC1259A3546000DA006 /* FlightSummaryViewController.swift in Sources */ = {isa = PBXBuildFile; fileRef = 8EA45AC0259A3546000DA006 /* FlightSummaryViewController.swift */; };
		8EA45AC3259A3567000DA006 /* InputPassengerInfoViewController.swift in Sources */ = {isa = PBXBuildFile; fileRef = 8EA45AC2259A3567000DA006 /* InputPassengerInfoViewController.swift */; };
		8EA45AC5259A357E000DA006 /* BookingConfirmationViewController.swift in Sources */ = {isa = PBXBuildFile; fileRef = 8EA45AC4259A357E000DA006 /* BookingConfirmationViewController.swift */; };
		8EB9C777259CA3B20080125B /* OtherPassengerCell.swift in Sources */ = {isa = PBXBuildFile; fileRef = 8EB9C776259CA3B20080125B /* OtherPassengerCell.swift */; };
		8EB9C779259CA3C60080125B /* LeadPassengerCell.swift in Sources */ = {isa = PBXBuildFile; fileRef = 8EB9C778259CA3C60080125B /* LeadPassengerCell.swift */; };
		8EC85DCC259A6BD200DD1EFC /* OneWayFlightViewController.swift in Sources */ = {isa = PBXBuildFile; fileRef = 8EC85DCB259A6BD200DD1EFC /* OneWayFlightViewController.swift */; };
		8EC85DCE259A716900DD1EFC /* FlightBookingPart2.storyboard in Resources */ = {isa = PBXBuildFile; fileRef = 8EC85DCD259A716900DD1EFC /* FlightBookingPart2.storyboard */; };
		CD34A2E2BB02F4EA58EBF87B /* Pods_US_BANGLA_AIRLINES.framework in Frameworks */ = {isa = PBXBuildFile; fileRef = 61675DB7FECFB7AD5DC810E0 /* Pods_US_BANGLA_AIRLINES.framework */; };
		EAD30A6896FD661F925845DE /* Pods_US_BANGLA_AIRLINESTests.framework in Frameworks */ = {isa = PBXBuildFile; fileRef = 40505D258AE89E17E764406C /* Pods_US_BANGLA_AIRLINESTests.framework */; };
/* End PBXBuildFile section */

/* Begin PBXContainerItemProxy section */
		8E7E82102595B5A400530D14 /* PBXContainerItemProxy */ = {
			isa = PBXContainerItemProxy;
			containerPortal = 8E7E81F12595B5A100530D14 /* Project object */;
			proxyType = 1;
			remoteGlobalIDString = 8E7E81F82595B5A100530D14;
			remoteInfo = "US-BANGLA AIRLINES";
		};
		8E7E821B2595B5A400530D14 /* PBXContainerItemProxy */ = {
			isa = PBXContainerItemProxy;
			containerPortal = 8E7E81F12595B5A100530D14 /* Project object */;
			proxyType = 1;
			remoteGlobalIDString = 8E7E81F82595B5A100530D14;
			remoteInfo = "US-BANGLA AIRLINES";
		};
/* End PBXContainerItemProxy section */

/* Begin PBXFileReference section */
		07EC9F359B33A85FC80FE066 /* Pods-US-BANGLA AIRLINESTests.release.xcconfig */ = {isa = PBXFileReference; includeInIndex = 1; lastKnownFileType = text.xcconfig; name = "Pods-US-BANGLA AIRLINESTests.release.xcconfig"; path = "Target Support Files/Pods-US-BANGLA AIRLINESTests/Pods-US-BANGLA AIRLINESTests.release.xcconfig"; sourceTree = "<group>"; };
		30D148B7DA040121FEA407CD /* Pods-US-BANGLA AIRLINES.debug.xcconfig */ = {isa = PBXFileReference; includeInIndex = 1; lastKnownFileType = text.xcconfig; name = "Pods-US-BANGLA AIRLINES.debug.xcconfig"; path = "Target Support Files/Pods-US-BANGLA AIRLINES/Pods-US-BANGLA AIRLINES.debug.xcconfig"; sourceTree = "<group>"; };
		40505D258AE89E17E764406C /* Pods_US_BANGLA_AIRLINESTests.framework */ = {isa = PBXFileReference; explicitFileType = wrapper.framework; includeInIndex = 0; path = Pods_US_BANGLA_AIRLINESTests.framework; sourceTree = BUILT_PRODUCTS_DIR; };
		56D1E0AB15898C5E112B4160 /* Pods-US-BANGLA AIRLINESTests.debug.xcconfig */ = {isa = PBXFileReference; includeInIndex = 1; lastKnownFileType = text.xcconfig; name = "Pods-US-BANGLA AIRLINESTests.debug.xcconfig"; path = "Target Support Files/Pods-US-BANGLA AIRLINESTests/Pods-US-BANGLA AIRLINESTests.debug.xcconfig"; sourceTree = "<group>"; };
		61675DB7FECFB7AD5DC810E0 /* Pods_US_BANGLA_AIRLINES.framework */ = {isa = PBXFileReference; explicitFileType = wrapper.framework; includeInIndex = 0; path = Pods_US_BANGLA_AIRLINES.framework; sourceTree = BUILT_PRODUCTS_DIR; };
		6F060B4B850D8E77A7E27C3C /* Pods-US-BANGLA AIRLINES-US-BANGLA AIRLINESUITests.debug.xcconfig */ = {isa = PBXFileReference; includeInIndex = 1; lastKnownFileType = text.xcconfig; name = "Pods-US-BANGLA AIRLINES-US-BANGLA AIRLINESUITests.debug.xcconfig"; path = "Target Support Files/Pods-US-BANGLA AIRLINES-US-BANGLA AIRLINESUITests/Pods-US-BANGLA AIRLINES-US-BANGLA AIRLINESUITests.debug.xcconfig"; sourceTree = "<group>"; };
		776259862741068A30210A40 /* Pods-US-BANGLA AIRLINES.release.xcconfig */ = {isa = PBXFileReference; includeInIndex = 1; lastKnownFileType = text.xcconfig; name = "Pods-US-BANGLA AIRLINES.release.xcconfig"; path = "Target Support Files/Pods-US-BANGLA AIRLINES/Pods-US-BANGLA AIRLINES.release.xcconfig"; sourceTree = "<group>"; };
		8E3ADD8A2598D11E00B55C89 /* FlightFilterViewController.swift */ = {isa = PBXFileReference; lastKnownFileType = sourcecode.swift; path = FlightFilterViewController.swift; sourceTree = "<group>"; };
		8E3ADD8C2598D30F00B55C89 /* FlightBooking.storyboard */ = {isa = PBXFileReference; fileEncoding = 4; lastKnownFileType = file.storyboard; path = FlightBooking.storyboard; sourceTree = "<group>"; };
		8E3CD0A025D4556B00BAA3B2 /* ManageBookingViewController.swift */ = {isa = PBXFileReference; lastKnownFileType = sourcecode.swift; path = ManageBookingViewController.swift; sourceTree = "<group>"; };
		8E3CD0A525D4557B00BAA3B2 /* SkyStarViewController.swift */ = {isa = PBXFileReference; lastKnownFileType = sourcecode.swift; path = SkyStarViewController.swift; sourceTree = "<group>"; };
		8E47073D259BB0A100BFF8A2 /* OneWayFlightCell.swift */ = {isa = PBXFileReference; lastKnownFileType = sourcecode.swift; path = OneWayFlightCell.swift; sourceTree = "<group>"; };
		8E47073F259BB0B900BFF8A2 /* ReturnFlightCell.swift */ = {isa = PBXFileReference; lastKnownFileType = sourcecode.swift; path = ReturnFlightCell.swift; sourceTree = "<group>"; };
		8E470741259BB18000BFF8A2 /* ReturnFlightExpandedCell.swift */ = {isa = PBXFileReference; lastKnownFileType = sourcecode.swift; path = ReturnFlightExpandedCell.swift; sourceTree = "<group>"; };
		8E4B43112596091700B35133 /* HomeViewController.swift */ = {isa = PBXFileReference; lastKnownFileType = sourcecode.swift; path = HomeViewController.swift; sourceTree = "<group>"; };
		8E4B43132596093900B35133 /* CustomWebViewController.swift */ = {isa = PBXFileReference; lastKnownFileType = sourcecode.swift; path = CustomWebViewController.swift; sourceTree = "<group>"; };
		8E4B431525960AF400B35133 /* Reachability.swift */ = {isa = PBXFileReference; lastKnownFileType = sourcecode.swift; path = Reachability.swift; sourceTree = "<group>"; };
		8E4B431725960B0B00B35133 /* Helper.swift */ = {isa = PBXFileReference; lastKnownFileType = sourcecode.swift; path = Helper.swift; sourceTree = "<group>"; };
		8E4B431925960B1400B35133 /* Validator.swift */ = {isa = PBXFileReference; lastKnownFileType = sourcecode.swift; path = Validator.swift; sourceTree = "<group>"; };
		8E4B431D2596691D00B35133 /* SideBarTableViewCell.xib */ = {isa = PBXFileReference; fileEncoding = 4; lastKnownFileType = file.xib; path = SideBarTableViewCell.xib; sourceTree = "<group>"; };
		8E4B431E2596691D00B35133 /* SideBarTableViewCell.swift */ = {isa = PBXFileReference; fileEncoding = 4; lastKnownFileType = sourcecode.swift; path = SideBarTableViewCell.swift; sourceTree = "<group>"; };
		8E57919C259B16AE0089C75A /* PassengerInfo.storyboard */ = {isa = PBXFileReference; lastKnownFileType = file.storyboard; path = PassengerInfo.storyboard; sourceTree = "<group>"; };
		8E644EA525CD6A9800EF61D8 /* OfferPlaceModel.swift */ = {isa = PBXFileReference; lastKnownFileType = sourcecode.swift; path = OfferPlaceModel.swift; sourceTree = "<group>"; };
		8E6C61E425CD7CC400000437 /* OfferPlaceCollectionViewCell.swift */ = {isa = PBXFileReference; lastKnownFileType = sourcecode.swift; path = OfferPlaceCollectionViewCell.swift; sourceTree = "<group>"; };
		8E7DF23125B092EA00283A71 /* ValueCodeModel.swift */ = {isa = PBXFileReference; lastKnownFileType = sourcecode.swift; path = ValueCodeModel.swift; sourceTree = "<group>"; };
		8E7DF23525B09A9000283A71 /* CityPairModel.swift */ = {isa = PBXFileReference; lastKnownFileType = sourcecode.swift; path = CityPairModel.swift; sourceTree = "<group>"; };
		8E7DF23725B0D03300283A71 /* FlightSearchModel.swift */ = {isa = PBXFileReference; lastKnownFileType = sourcecode.swift; path = FlightSearchModel.swift; sourceTree = "<group>"; };
		8E7E81F92595B5A100530D14 /* US-BANGLA AIRLINES.app */ = {isa = PBXFileReference; explicitFileType = wrapper.application; includeInIndex = 0; path = "US-BANGLA AIRLINES.app"; sourceTree = BUILT_PRODUCTS_DIR; };
		8E7E81FC2595B5A100530D14 /* AppDelegate.swift */ = {isa = PBXFileReference; lastKnownFileType = sourcecode.swift; path = AppDelegate.swift; sourceTree = "<group>"; };
		8E7E82032595B5A100530D14 /* Base */ = {isa = PBXFileReference; lastKnownFileType = file.storyboard; name = Base; path = Base.lproj/Main.storyboard; sourceTree = "<group>"; };
		8E7E82052595B5A300530D14 /* Assets.xcassets */ = {isa = PBXFileReference; lastKnownFileType = folder.assetcatalog; path = Assets.xcassets; sourceTree = "<group>"; };
		8E7E82082595B5A300530D14 /* Base */ = {isa = PBXFileReference; lastKnownFileType = file.storyboard; name = Base; path = Base.lproj/LaunchScreen.storyboard; sourceTree = "<group>"; };
		8E7E820A2595B5A300530D14 /* Info.plist */ = {isa = PBXFileReference; lastKnownFileType = text.plist.xml; path = Info.plist; sourceTree = "<group>"; };
		8E7E820F2595B5A400530D14 /* US-BANGLA AIRLINESTests.xctest */ = {isa = PBXFileReference; explicitFileType = wrapper.cfbundle; includeInIndex = 0; path = "US-BANGLA AIRLINESTests.xctest"; sourceTree = BUILT_PRODUCTS_DIR; };
		8E7E82132595B5A400530D14 /* US_BANGLA_AIRLINESTests.swift */ = {isa = PBXFileReference; lastKnownFileType = sourcecode.swift; path = US_BANGLA_AIRLINESTests.swift; sourceTree = "<group>"; };
		8E7E82152595B5A400530D14 /* Info.plist */ = {isa = PBXFileReference; lastKnownFileType = text.plist.xml; path = Info.plist; sourceTree = "<group>"; };
		8E7E821A2595B5A400530D14 /* US-BANGLA AIRLINESUITests.xctest */ = {isa = PBXFileReference; explicitFileType = wrapper.cfbundle; includeInIndex = 0; path = "US-BANGLA AIRLINESUITests.xctest"; sourceTree = BUILT_PRODUCTS_DIR; };
		8E7E821E2595B5A400530D14 /* US_BANGLA_AIRLINESUITests.swift */ = {isa = PBXFileReference; lastKnownFileType = sourcecode.swift; path = US_BANGLA_AIRLINESUITests.swift; sourceTree = "<group>"; };
		8E7E82202595B5A400530D14 /* Info.plist */ = {isa = PBXFileReference; lastKnownFileType = text.plist.xml; path = Info.plist; sourceTree = "<group>"; };
		8EA45ABE259A313E000DA006 /* ReturnFlightViewController.swift */ = {isa = PBXFileReference; lastKnownFileType = sourcecode.swift; path = ReturnFlightViewController.swift; sourceTree = "<group>"; };
		8EA45AC0259A3546000DA006 /* FlightSummaryViewController.swift */ = {isa = PBXFileReference; lastKnownFileType = sourcecode.swift; path = FlightSummaryViewController.swift; sourceTree = "<group>"; };
		8EA45AC2259A3567000DA006 /* InputPassengerInfoViewController.swift */ = {isa = PBXFileReference; lastKnownFileType = sourcecode.swift; path = InputPassengerInfoViewController.swift; sourceTree = "<group>"; };
		8EA45AC4259A357E000DA006 /* BookingConfirmationViewController.swift */ = {isa = PBXFileReference; lastKnownFileType = sourcecode.swift; path = BookingConfirmationViewController.swift; sourceTree = "<group>"; };
		8EB9C776259CA3B20080125B /* OtherPassengerCell.swift */ = {isa = PBXFileReference; lastKnownFileType = sourcecode.swift; path = OtherPassengerCell.swift; sourceTree = "<group>"; };
		8EB9C778259CA3C60080125B /* LeadPassengerCell.swift */ = {isa = PBXFileReference; lastKnownFileType = sourcecode.swift; path = LeadPassengerCell.swift; sourceTree = "<group>"; };
		8EC85DCB259A6BD200DD1EFC /* OneWayFlightViewController.swift */ = {isa = PBXFileReference; lastKnownFileType = sourcecode.swift; path = OneWayFlightViewController.swift; sourceTree = "<group>"; };
		8EC85DCD259A716900DD1EFC /* FlightBookingPart2.storyboard */ = {isa = PBXFileReference; lastKnownFileType = file.storyboard; path = FlightBookingPart2.storyboard; sourceTree = "<group>"; };
		A2BED1193631C8C0AB2308B7 /* Pods-US-BANGLA AIRLINES-US-BANGLA AIRLINESUITests.release.xcconfig */ = {isa = PBXFileReference; includeInIndex = 1; lastKnownFileType = text.xcconfig; name = "Pods-US-BANGLA AIRLINES-US-BANGLA AIRLINESUITests.release.xcconfig"; path = "Target Support Files/Pods-US-BANGLA AIRLINES-US-BANGLA AIRLINESUITests/Pods-US-BANGLA AIRLINES-US-BANGLA AIRLINESUITests.release.xcconfig"; sourceTree = "<group>"; };
		DD42F0CA14557A84DBEE7641 /* Pods_US_BANGLA_AIRLINES_US_BANGLA_AIRLINESUITests.framework */ = {isa = PBXFileReference; explicitFileType = wrapper.framework; includeInIndex = 0; path = Pods_US_BANGLA_AIRLINES_US_BANGLA_AIRLINESUITests.framework; sourceTree = BUILT_PRODUCTS_DIR; };
/* End PBXFileReference section */

/* Begin PBXFrameworksBuildPhase section */
		8E7E81F62595B5A100530D14 /* Frameworks */ = {
			isa = PBXFrameworksBuildPhase;
			buildActionMask = 2147483647;
			files = (
				CD34A2E2BB02F4EA58EBF87B /* Pods_US_BANGLA_AIRLINES.framework in Frameworks */,
			);
			runOnlyForDeploymentPostprocessing = 0;
		};
		8E7E820C2595B5A400530D14 /* Frameworks */ = {
			isa = PBXFrameworksBuildPhase;
			buildActionMask = 2147483647;
			files = (
				EAD30A6896FD661F925845DE /* Pods_US_BANGLA_AIRLINESTests.framework in Frameworks */,
			);
			runOnlyForDeploymentPostprocessing = 0;
		};
		8E7E82172595B5A400530D14 /* Frameworks */ = {
			isa = PBXFrameworksBuildPhase;
			buildActionMask = 2147483647;
			files = (
				603D9E242E1A83D8166142E2 /* Pods_US_BANGLA_AIRLINES_US_BANGLA_AIRLINESUITests.framework in Frameworks */,
			);
			runOnlyForDeploymentPostprocessing = 0;
		};
/* End PBXFrameworksBuildPhase section */

/* Begin PBXGroup section */
		7EE4E3A776EB1E02EB002200 /* Pods */ = {
			isa = PBXGroup;
			children = (
				30D148B7DA040121FEA407CD /* Pods-US-BANGLA AIRLINES.debug.xcconfig */,
				776259862741068A30210A40 /* Pods-US-BANGLA AIRLINES.release.xcconfig */,
				6F060B4B850D8E77A7E27C3C /* Pods-US-BANGLA AIRLINES-US-BANGLA AIRLINESUITests.debug.xcconfig */,
				A2BED1193631C8C0AB2308B7 /* Pods-US-BANGLA AIRLINES-US-BANGLA AIRLINESUITests.release.xcconfig */,
				56D1E0AB15898C5E112B4160 /* Pods-US-BANGLA AIRLINESTests.debug.xcconfig */,
				07EC9F359B33A85FC80FE066 /* Pods-US-BANGLA AIRLINESTests.release.xcconfig */,
			);
			path = Pods;
			sourceTree = "<group>";
		};
		8AA5822655703803E5FF5136 /* Frameworks */ = {
			isa = PBXGroup;
			children = (
				61675DB7FECFB7AD5DC810E0 /* Pods_US_BANGLA_AIRLINES.framework */,
				DD42F0CA14557A84DBEE7641 /* Pods_US_BANGLA_AIRLINES_US_BANGLA_AIRLINESUITests.framework */,
				40505D258AE89E17E764406C /* Pods_US_BANGLA_AIRLINESTests.framework */,
			);
			name = Frameworks;
			sourceTree = "<group>";
		};
		8E3ADD892598D0E400B55C89 /* Flight Booking */ = {
			isa = PBXGroup;
			children = (
				8E3ADD8A2598D11E00B55C89 /* FlightFilterViewController.swift */,
				8EA45ABE259A313E000DA006 /* ReturnFlightViewController.swift */,
				8EC85DCB259A6BD200DD1EFC /* OneWayFlightViewController.swift */,
				8EA45AC0259A3546000DA006 /* FlightSummaryViewController.swift */,
				8EA45AC2259A3567000DA006 /* InputPassengerInfoViewController.swift */,
				8EA45AC4259A357E000DA006 /* BookingConfirmationViewController.swift */,
			);
			path = "Flight Booking";
			sourceTree = "<group>";
		};
		8E4B430F259605BF00B35133 /* Storyboard */ = {
			isa = PBXGroup;
			children = (
				8E7E82022595B5A100530D14 /* Main.storyboard */,
				8E3ADD8C2598D30F00B55C89 /* FlightBooking.storyboard */,
				8EC85DCD259A716900DD1EFC /* FlightBookingPart2.storyboard */,
				8E57919C259B16AE0089C75A /* PassengerInfo.storyboard */,
			);
			path = Storyboard;
			sourceTree = "<group>";
		};
		8E4B4310259605CE00B35133 /* ViewController */ = {
			isa = PBXGroup;
			children = (
				8E4B43112596091700B35133 /* HomeViewController.swift */,
				8E4B43132596093900B35133 /* CustomWebViewController.swift */,
				8E3CD0A025D4556B00BAA3B2 /* ManageBookingViewController.swift */,
				8E3CD0A525D4557B00BAA3B2 /* SkyStarViewController.swift */,
				8E3ADD892598D0E400B55C89 /* Flight Booking */,
			);
			path = ViewController;
			sourceTree = "<group>";
		};
		8E4B431B259622F700B35133 /* Model */ = {
			isa = PBXGroup;
			children = (
				8E7DF23125B092EA00283A71 /* ValueCodeModel.swift */,
				8E7DF23525B09A9000283A71 /* CityPairModel.swift */,
				8E7DF23725B0D03300283A71 /* FlightSearchModel.swift */,
				8E644EA525CD6A9800EF61D8 /* OfferPlaceModel.swift */,
			);
			path = Model;
			sourceTree = "<group>";
		};
		8E4B431C259668B600B35133 /* Cell */ = {
			isa = PBXGroup;
			children = (
				8E4B431E2596691D00B35133 /* SideBarTableViewCell.swift */,
				8E6C61E425CD7CC400000437 /* OfferPlaceCollectionViewCell.swift */,
				8E4B431D2596691D00B35133 /* SideBarTableViewCell.xib */,
				8E47073D259BB0A100BFF8A2 /* OneWayFlightCell.swift */,
				8E470741259BB18000BFF8A2 /* ReturnFlightExpandedCell.swift */,
				8E47073F259BB0B900BFF8A2 /* ReturnFlightCell.swift */,
				8EB9C776259CA3B20080125B /* OtherPassengerCell.swift */,
				8EB9C778259CA3C60080125B /* LeadPassengerCell.swift */,
			);
			path = Cell;
			sourceTree = "<group>";
		};
		8E7E81F02595B5A100530D14 = {
			isa = PBXGroup;
			children = (
				8E7E81FB2595B5A100530D14 /* US-BANGLA AIRLINES */,
				8E7E82122595B5A400530D14 /* US-BANGLA AIRLINESTests */,
				8E7E821D2595B5A400530D14 /* US-BANGLA AIRLINESUITests */,
				8E7E81FA2595B5A100530D14 /* Products */,
				7EE4E3A776EB1E02EB002200 /* Pods */,
				8AA5822655703803E5FF5136 /* Frameworks */,
			);
			sourceTree = "<group>";
		};
		8E7E81FA2595B5A100530D14 /* Products */ = {
			isa = PBXGroup;
			children = (
				8E7E81F92595B5A100530D14 /* US-BANGLA AIRLINES.app */,
				8E7E820F2595B5A400530D14 /* US-BANGLA AIRLINESTests.xctest */,
				8E7E821A2595B5A400530D14 /* US-BANGLA AIRLINESUITests.xctest */,
			);
			name = Products;
			sourceTree = "<group>";
		};
		8E7E81FB2595B5A100530D14 /* US-BANGLA AIRLINES */ = {
			isa = PBXGroup;
			children = (
				8E7E81FC2595B5A100530D14 /* AppDelegate.swift */,
				8E4B431525960AF400B35133 /* Reachability.swift */,
				8E4B431725960B0B00B35133 /* Helper.swift */,
				8E4B431925960B1400B35133 /* Validator.swift */,
				8E7E82052595B5A300530D14 /* Assets.xcassets */,
				8E7E82072595B5A300530D14 /* LaunchScreen.storyboard */,
				8E7E820A2595B5A300530D14 /* Info.plist */,
				8E4B4310259605CE00B35133 /* ViewController */,
				8E4B431C259668B600B35133 /* Cell */,
				8E4B431B259622F700B35133 /* Model */,
				8E4B430F259605BF00B35133 /* Storyboard */,
			);
			path = "US-BANGLA AIRLINES";
			sourceTree = "<group>";
		};
		8E7E82122595B5A400530D14 /* US-BANGLA AIRLINESTests */ = {
			isa = PBXGroup;
			children = (
				8E7E82132595B5A400530D14 /* US_BANGLA_AIRLINESTests.swift */,
				8E7E82152595B5A400530D14 /* Info.plist */,
			);
			path = "US-BANGLA AIRLINESTests";
			sourceTree = "<group>";
		};
		8E7E821D2595B5A400530D14 /* US-BANGLA AIRLINESUITests */ = {
			isa = PBXGroup;
			children = (
				8E7E821E2595B5A400530D14 /* US_BANGLA_AIRLINESUITests.swift */,
				8E7E82202595B5A400530D14 /* Info.plist */,
			);
			path = "US-BANGLA AIRLINESUITests";
			sourceTree = "<group>";
		};
/* End PBXGroup section */

/* Begin PBXNativeTarget section */
		8E7E81F82595B5A100530D14 /* US-BANGLA AIRLINES */ = {
			isa = PBXNativeTarget;
			buildConfigurationList = 8E7E82232595B5A400530D14 /* Build configuration list for PBXNativeTarget "US-BANGLA AIRLINES" */;
			buildPhases = (
				55FA6F86E9672E628100E875 /* [CP] Check Pods Manifest.lock */,
				8E7E81F52595B5A100530D14 /* Sources */,
				8E7E81F62595B5A100530D14 /* Frameworks */,
				8E7E81F72595B5A100530D14 /* Resources */,
				3BCAA514D75B622206F863DD /* [CP] Embed Pods Frameworks */,
			);
			buildRules = (
			);
			dependencies = (
			);
			name = "US-BANGLA AIRLINES";
			productName = "US-BANGLA AIRLINES";
			productReference = 8E7E81F92595B5A100530D14 /* US-BANGLA AIRLINES.app */;
			productType = "com.apple.product-type.application";
		};
		8E7E820E2595B5A400530D14 /* US-BANGLA AIRLINESTests */ = {
			isa = PBXNativeTarget;
			buildConfigurationList = 8E7E82262595B5A400530D14 /* Build configuration list for PBXNativeTarget "US-BANGLA AIRLINESTests" */;
			buildPhases = (
				B88BD3CC7BCD2A530B23CD40 /* [CP] Check Pods Manifest.lock */,
				8E7E820B2595B5A400530D14 /* Sources */,
				8E7E820C2595B5A400530D14 /* Frameworks */,
				8E7E820D2595B5A400530D14 /* Resources */,
			);
			buildRules = (
			);
			dependencies = (
				8E7E82112595B5A400530D14 /* PBXTargetDependency */,
			);
			name = "US-BANGLA AIRLINESTests";
			productName = "US-BANGLA AIRLINESTests";
			productReference = 8E7E820F2595B5A400530D14 /* US-BANGLA AIRLINESTests.xctest */;
			productType = "com.apple.product-type.bundle.unit-test";
		};
		8E7E82192595B5A400530D14 /* US-BANGLA AIRLINESUITests */ = {
			isa = PBXNativeTarget;
			buildConfigurationList = 8E7E82292595B5A400530D14 /* Build configuration list for PBXNativeTarget "US-BANGLA AIRLINESUITests" */;
			buildPhases = (
				0E8149673A225DD3B04A32C3 /* [CP] Check Pods Manifest.lock */,
				8E7E82162595B5A400530D14 /* Sources */,
				8E7E82172595B5A400530D14 /* Frameworks */,
				8E7E82182595B5A400530D14 /* Resources */,
				A363B22EF6F081E49479E1B3 /* [CP] Embed Pods Frameworks */,
			);
			buildRules = (
			);
			dependencies = (
				8E7E821C2595B5A400530D14 /* PBXTargetDependency */,
			);
			name = "US-BANGLA AIRLINESUITests";
			productName = "US-BANGLA AIRLINESUITests";
			productReference = 8E7E821A2595B5A400530D14 /* US-BANGLA AIRLINESUITests.xctest */;
			productType = "com.apple.product-type.bundle.ui-testing";
		};
/* End PBXNativeTarget section */

/* Begin PBXProject section */
		8E7E81F12595B5A100530D14 /* Project object */ = {
			isa = PBXProject;
			attributes = {
				LastSwiftUpdateCheck = 1150;
				LastUpgradeCheck = 1150;
				ORGANIZATIONNAME = usbangla;
				TargetAttributes = {
					8E7E81F82595B5A100530D14 = {
						CreatedOnToolsVersion = 11.5;
					};
					8E7E820E2595B5A400530D14 = {
						CreatedOnToolsVersion = 11.5;
						TestTargetID = 8E7E81F82595B5A100530D14;
					};
					8E7E82192595B5A400530D14 = {
						CreatedOnToolsVersion = 11.5;
						TestTargetID = 8E7E81F82595B5A100530D14;
					};
				};
			};
			buildConfigurationList = 8E7E81F42595B5A100530D14 /* Build configuration list for PBXProject "US-BANGLA AIRLINES" */;
			compatibilityVersion = "Xcode 9.3";
			developmentRegion = en;
			hasScannedForEncodings = 0;
			knownRegions = (
				en,
				Base,
			);
			mainGroup = 8E7E81F02595B5A100530D14;
			productRefGroup = 8E7E81FA2595B5A100530D14 /* Products */;
			projectDirPath = "";
			projectRoot = "";
			targets = (
				8E7E81F82595B5A100530D14 /* US-BANGLA AIRLINES */,
				8E7E820E2595B5A400530D14 /* US-BANGLA AIRLINESTests */,
				8E7E82192595B5A400530D14 /* US-BANGLA AIRLINESUITests */,
			);
		};
/* End PBXProject section */

/* Begin PBXResourcesBuildPhase section */
		8E7E81F72595B5A100530D14 /* Resources */ = {
			isa = PBXResourcesBuildPhase;
			buildActionMask = 2147483647;
			files = (
				8EC85DCE259A716900DD1EFC /* FlightBookingPart2.storyboard in Resources */,
				8E57919D259B16AE0089C75A /* PassengerInfo.storyboard in Resources */,
				8E7E82092595B5A300530D14 /* LaunchScreen.storyboard in Resources */,
				8E7E82062595B5A300530D14 /* Assets.xcassets in Resources */,
				8E4B431F2596691D00B35133 /* SideBarTableViewCell.xib in Resources */,
				8E3ADD8D2598D30F00B55C89 /* FlightBooking.storyboard in Resources */,
				8E7E82042595B5A100530D14 /* Main.storyboard in Resources */,
			);
			runOnlyForDeploymentPostprocessing = 0;
		};
		8E7E820D2595B5A400530D14 /* Resources */ = {
			isa = PBXResourcesBuildPhase;
			buildActionMask = 2147483647;
			files = (
			);
			runOnlyForDeploymentPostprocessing = 0;
		};
		8E7E82182595B5A400530D14 /* Resources */ = {
			isa = PBXResourcesBuildPhase;
			buildActionMask = 2147483647;
			files = (
			);
			runOnlyForDeploymentPostprocessing = 0;
		};
/* End PBXResourcesBuildPhase section */

/* Begin PBXShellScriptBuildPhase section */
		0E8149673A225DD3B04A32C3 /* [CP] Check Pods Manifest.lock */ = {
			isa = PBXShellScriptBuildPhase;
			buildActionMask = 2147483647;
			files = (
			);
			inputFileListPaths = (
			);
			inputPaths = (
				"${PODS_PODFILE_DIR_PATH}/Podfile.lock",
				"${PODS_ROOT}/Manifest.lock",
			);
			name = "[CP] Check Pods Manifest.lock";
			outputFileListPaths = (
			);
			outputPaths = (
				"$(DERIVED_FILE_DIR)/Pods-US-BANGLA AIRLINES-US-BANGLA AIRLINESUITests-checkManifestLockResult.txt",
			);
			runOnlyForDeploymentPostprocessing = 0;
			shellPath = /bin/sh;
			shellScript = "diff \"${PODS_PODFILE_DIR_PATH}/Podfile.lock\" \"${PODS_ROOT}/Manifest.lock\" > /dev/null\nif [ $? != 0 ] ; then\n    # print error to STDERR\n    echo \"error: The sandbox is not in sync with the Podfile.lock. Run 'pod install' or update your CocoaPods installation.\" >&2\n    exit 1\nfi\n# This output is used by Xcode 'outputs' to avoid re-running this script phase.\necho \"SUCCESS\" > \"${SCRIPT_OUTPUT_FILE_0}\"\n";
			showEnvVarsInLog = 0;
		};
		3BCAA514D75B622206F863DD /* [CP] Embed Pods Frameworks */ = {
			isa = PBXShellScriptBuildPhase;
			buildActionMask = 2147483647;
			files = (
			);
			inputFileListPaths = (
				"${PODS_ROOT}/Target Support Files/Pods-US-BANGLA AIRLINES/Pods-US-BANGLA AIRLINES-frameworks-${CONFIGURATION}-input-files.xcfilelist",
			);
			name = "[CP] Embed Pods Frameworks";
			outputFileListPaths = (
				"${PODS_ROOT}/Target Support Files/Pods-US-BANGLA AIRLINES/Pods-US-BANGLA AIRLINES-frameworks-${CONFIGURATION}-output-files.xcfilelist",
			);
			runOnlyForDeploymentPostprocessing = 0;
			shellPath = /bin/sh;
			shellScript = "\"${PODS_ROOT}/Target Support Files/Pods-US-BANGLA AIRLINES/Pods-US-BANGLA AIRLINES-frameworks.sh\"\n";
			showEnvVarsInLog = 0;
		};
		55FA6F86E9672E628100E875 /* [CP] Check Pods Manifest.lock */ = {
			isa = PBXShellScriptBuildPhase;
			buildActionMask = 2147483647;
			files = (
			);
			inputFileListPaths = (
			);
			inputPaths = (
				"${PODS_PODFILE_DIR_PATH}/Podfile.lock",
				"${PODS_ROOT}/Manifest.lock",
			);
			name = "[CP] Check Pods Manifest.lock";
			outputFileListPaths = (
			);
			outputPaths = (
				"$(DERIVED_FILE_DIR)/Pods-US-BANGLA AIRLINES-checkManifestLockResult.txt",
			);
			runOnlyForDeploymentPostprocessing = 0;
			shellPath = /bin/sh;
			shellScript = "diff \"${PODS_PODFILE_DIR_PATH}/Podfile.lock\" \"${PODS_ROOT}/Manifest.lock\" > /dev/null\nif [ $? != 0 ] ; then\n    # print error to STDERR\n    echo \"error: The sandbox is not in sync with the Podfile.lock. Run 'pod install' or update your CocoaPods installation.\" >&2\n    exit 1\nfi\n# This output is used by Xcode 'outputs' to avoid re-running this script phase.\necho \"SUCCESS\" > \"${SCRIPT_OUTPUT_FILE_0}\"\n";
			showEnvVarsInLog = 0;
		};
		A363B22EF6F081E49479E1B3 /* [CP] Embed Pods Frameworks */ = {
			isa = PBXShellScriptBuildPhase;
			buildActionMask = 2147483647;
			files = (
			);
			inputFileListPaths = (
				"${PODS_ROOT}/Target Support Files/Pods-US-BANGLA AIRLINES-US-BANGLA AIRLINESUITests/Pods-US-BANGLA AIRLINES-US-BANGLA AIRLINESUITests-frameworks-${CONFIGURATION}-input-files.xcfilelist",
			);
			name = "[CP] Embed Pods Frameworks";
			outputFileListPaths = (
				"${PODS_ROOT}/Target Support Files/Pods-US-BANGLA AIRLINES-US-BANGLA AIRLINESUITests/Pods-US-BANGLA AIRLINES-US-BANGLA AIRLINESUITests-frameworks-${CONFIGURATION}-output-files.xcfilelist",
			);
			runOnlyForDeploymentPostprocessing = 0;
			shellPath = /bin/sh;
			shellScript = "\"${PODS_ROOT}/Target Support Files/Pods-US-BANGLA AIRLINES-US-BANGLA AIRLINESUITests/Pods-US-BANGLA AIRLINES-US-BANGLA AIRLINESUITests-frameworks.sh\"\n";
			showEnvVarsInLog = 0;
		};
		B88BD3CC7BCD2A530B23CD40 /* [CP] Check Pods Manifest.lock */ = {
			isa = PBXShellScriptBuildPhase;
			buildActionMask = 2147483647;
			files = (
			);
			inputFileListPaths = (
			);
			inputPaths = (
				"${PODS_PODFILE_DIR_PATH}/Podfile.lock",
				"${PODS_ROOT}/Manifest.lock",
			);
			name = "[CP] Check Pods Manifest.lock";
			outputFileListPaths = (
			);
			outputPaths = (
				"$(DERIVED_FILE_DIR)/Pods-US-BANGLA AIRLINESTests-checkManifestLockResult.txt",
			);
			runOnlyForDeploymentPostprocessing = 0;
			shellPath = /bin/sh;
			shellScript = "diff \"${PODS_PODFILE_DIR_PATH}/Podfile.lock\" \"${PODS_ROOT}/Manifest.lock\" > /dev/null\nif [ $? != 0 ] ; then\n    # print error to STDERR\n    echo \"error: The sandbox is not in sync with the Podfile.lock. Run 'pod install' or update your CocoaPods installation.\" >&2\n    exit 1\nfi\n# This output is used by Xcode 'outputs' to avoid re-running this script phase.\necho \"SUCCESS\" > \"${SCRIPT_OUTPUT_FILE_0}\"\n";
			showEnvVarsInLog = 0;
		};
/* End PBXShellScriptBuildPhase section */

/* Begin PBXSourcesBuildPhase section */
		8E7E81F52595B5A100530D14 /* Sources */ = {
			isa = PBXSourcesBuildPhase;
			buildActionMask = 2147483647;
			files = (
				8E644EA625CD6A9800EF61D8 /* OfferPlaceModel.swift in Sources */,
				8E7E81FD2595B5A100530D14 /* AppDelegate.swift in Sources */,
				8E6C61E525CD7CC400000437 /* OfferPlaceCollectionViewCell.swift in Sources */,
				8EA45ABF259A313E000DA006 /* ReturnFlightViewController.swift in Sources */,
				8E4B43122596091700B35133 /* HomeViewController.swift in Sources */,
				8EA45AC5259A357E000DA006 /* BookingConfirmationViewController.swift in Sources */,
				8E4B431825960B0B00B35133 /* Helper.swift in Sources */,
				8E470740259BB0B900BFF8A2 /* ReturnFlightCell.swift in Sources */,
				8E470742259BB18000BFF8A2 /* ReturnFlightExpandedCell.swift in Sources */,
				8EB9C777259CA3B20080125B /* OtherPassengerCell.swift in Sources */,
				8E7DF23625B09A9000283A71 /* CityPairModel.swift in Sources */,
				8E4B431625960AF400B35133 /* Reachability.swift in Sources */,
				8EC85DCC259A6BD200DD1EFC /* OneWayFlightViewController.swift in Sources */,
				8E3ADD8B2598D11E00B55C89 /* FlightFilterViewController.swift in Sources */,
				8EA45AC3259A3567000DA006 /* InputPassengerInfoViewController.swift in Sources */,
				8E4B431A25960B1400B35133 /* Validator.swift in Sources */,
				8E7DF23825B0D03300283A71 /* FlightSearchModel.swift in Sources */,
				8E7DF23225B092EA00283A71 /* ValueCodeModel.swift in Sources */,
				8EA45AC1259A3546000DA006 /* FlightSummaryViewController.swift in Sources */,
				8EB9C779259CA3C60080125B /* LeadPassengerCell.swift in Sources */,
				8E4B43202596691D00B35133 /* SideBarTableViewCell.swift in Sources */,
				8E47073E259BB0A100BFF8A2 /* OneWayFlightCell.swift in Sources */,
				8E3CD0A625D4557B00BAA3B2 /* SkyStarViewController.swift in Sources */,
				8E4B43142596093900B35133 /* CustomWebViewController.swift in Sources */,
				8E3CD0A125D4556B00BAA3B2 /* ManageBookingViewController.swift in Sources */,
			);
			runOnlyForDeploymentPostprocessing = 0;
		};
		8E7E820B2595B5A400530D14 /* Sources */ = {
			isa = PBXSourcesBuildPhase;
			buildActionMask = 2147483647;
			files = (
				8E7E82142595B5A400530D14 /* US_BANGLA_AIRLINESTests.swift in Sources */,
			);
			runOnlyForDeploymentPostprocessing = 0;
		};
		8E7E82162595B5A400530D14 /* Sources */ = {
			isa = PBXSourcesBuildPhase;
			buildActionMask = 2147483647;
			files = (
				8E7E821F2595B5A400530D14 /* US_BANGLA_AIRLINESUITests.swift in Sources */,
			);
			runOnlyForDeploymentPostprocessing = 0;
		};
/* End PBXSourcesBuildPhase section */

/* Begin PBXTargetDependency section */
		8E7E82112595B5A400530D14 /* PBXTargetDependency */ = {
			isa = PBXTargetDependency;
			target = 8E7E81F82595B5A100530D14 /* US-BANGLA AIRLINES */;
			targetProxy = 8E7E82102595B5A400530D14 /* PBXContainerItemProxy */;
		};
		8E7E821C2595B5A400530D14 /* PBXTargetDependency */ = {
			isa = PBXTargetDependency;
			target = 8E7E81F82595B5A100530D14 /* US-BANGLA AIRLINES */;
			targetProxy = 8E7E821B2595B5A400530D14 /* PBXContainerItemProxy */;
		};
/* End PBXTargetDependency section */

/* Begin PBXVariantGroup section */
		8E7E82022595B5A100530D14 /* Main.storyboard */ = {
			isa = PBXVariantGroup;
			children = (
				8E7E82032595B5A100530D14 /* Base */,
			);
			name = Main.storyboard;
			sourceTree = "<group>";
		};
		8E7E82072595B5A300530D14 /* LaunchScreen.storyboard */ = {
			isa = PBXVariantGroup;
			children = (
				8E7E82082595B5A300530D14 /* Base */,
			);
			name = LaunchScreen.storyboard;
			sourceTree = "<group>";
		};
/* End PBXVariantGroup section */

/* Begin XCBuildConfiguration section */
		8E7E82212595B5A400530D14 /* Debug */ = {
			isa = XCBuildConfiguration;
			buildSettings = {
				ALWAYS_SEARCH_USER_PATHS = NO;
				CLANG_ANALYZER_NONNULL = YES;
				CLANG_ANALYZER_NUMBER_OBJECT_CONVERSION = YES_AGGRESSIVE;
				CLANG_CXX_LANGUAGE_STANDARD = "gnu++14";
				CLANG_CXX_LIBRARY = "libc++";
				CLANG_ENABLE_MODULES = YES;
				CLANG_ENABLE_OBJC_ARC = YES;
				CLANG_ENABLE_OBJC_WEAK = YES;
				CLANG_WARN_BLOCK_CAPTURE_AUTORELEASING = YES;
				CLANG_WARN_BOOL_CONVERSION = YES;
				CLANG_WARN_COMMA = YES;
				CLANG_WARN_CONSTANT_CONVERSION = YES;
				CLANG_WARN_DEPRECATED_OBJC_IMPLEMENTATIONS = YES;
				CLANG_WARN_DIRECT_OBJC_ISA_USAGE = YES_ERROR;
				CLANG_WARN_DOCUMENTATION_COMMENTS = YES;
				CLANG_WARN_EMPTY_BODY = YES;
				CLANG_WARN_ENUM_CONVERSION = YES;
				CLANG_WARN_INFINITE_RECURSION = YES;
				CLANG_WARN_INT_CONVERSION = YES;
				CLANG_WARN_NON_LITERAL_NULL_CONVERSION = YES;
				CLANG_WARN_OBJC_IMPLICIT_RETAIN_SELF = YES;
				CLANG_WARN_OBJC_LITERAL_CONVERSION = YES;
				CLANG_WARN_OBJC_ROOT_CLASS = YES_ERROR;
				CLANG_WARN_RANGE_LOOP_ANALYSIS = YES;
				CLANG_WARN_STRICT_PROTOTYPES = YES;
				CLANG_WARN_SUSPICIOUS_MOVE = YES;
				CLANG_WARN_UNGUARDED_AVAILABILITY = YES_AGGRESSIVE;
				CLANG_WARN_UNREACHABLE_CODE = YES;
				CLANG_WARN__DUPLICATE_METHOD_MATCH = YES;
				COPY_PHASE_STRIP = NO;
				DEBUG_INFORMATION_FORMAT = dwarf;
				ENABLE_STRICT_OBJC_MSGSEND = YES;
				ENABLE_TESTABILITY = YES;
				GCC_C_LANGUAGE_STANDARD = gnu11;
				GCC_DYNAMIC_NO_PIC = NO;
				GCC_NO_COMMON_BLOCKS = YES;
				GCC_OPTIMIZATION_LEVEL = 0;
				GCC_PREPROCESSOR_DEFINITIONS = (
					"DEBUG=1",
					"$(inherited)",
				);
				GCC_WARN_64_TO_32_BIT_CONVERSION = YES;
				GCC_WARN_ABOUT_RETURN_TYPE = YES_ERROR;
				GCC_WARN_UNDECLARED_SELECTOR = YES;
				GCC_WARN_UNINITIALIZED_AUTOS = YES_AGGRESSIVE;
				GCC_WARN_UNUSED_FUNCTION = YES;
				GCC_WARN_UNUSED_VARIABLE = YES;
				IPHONEOS_DEPLOYMENT_TARGET = 13.5;
				MTL_ENABLE_DEBUG_INFO = INCLUDE_SOURCE;
				MTL_FAST_MATH = YES;
				ONLY_ACTIVE_ARCH = YES;
				SDKROOT = iphoneos;
				SWIFT_ACTIVE_COMPILATION_CONDITIONS = DEBUG;
				SWIFT_OPTIMIZATION_LEVEL = "-Onone";
			};
			name = Debug;
		};
		8E7E82222595B5A400530D14 /* Release */ = {
			isa = XCBuildConfiguration;
			buildSettings = {
				ALWAYS_SEARCH_USER_PATHS = NO;
				CLANG_ANALYZER_NONNULL = YES;
				CLANG_ANALYZER_NUMBER_OBJECT_CONVERSION = YES_AGGRESSIVE;
				CLANG_CXX_LANGUAGE_STANDARD = "gnu++14";
				CLANG_CXX_LIBRARY = "libc++";
				CLANG_ENABLE_MODULES = YES;
				CLANG_ENABLE_OBJC_ARC = YES;
				CLANG_ENABLE_OBJC_WEAK = YES;
				CLANG_WARN_BLOCK_CAPTURE_AUTORELEASING = YES;
				CLANG_WARN_BOOL_CONVERSION = YES;
				CLANG_WARN_COMMA = YES;
				CLANG_WARN_CONSTANT_CONVERSION = YES;
				CLANG_WARN_DEPRECATED_OBJC_IMPLEMENTATIONS = YES;
				CLANG_WARN_DIRECT_OBJC_ISA_USAGE = YES_ERROR;
				CLANG_WARN_DOCUMENTATION_COMMENTS = YES;
				CLANG_WARN_EMPTY_BODY = YES;
				CLANG_WARN_ENUM_CONVERSION = YES;
				CLANG_WARN_INFINITE_RECURSION = YES;
				CLANG_WARN_INT_CONVERSION = YES;
				CLANG_WARN_NON_LITERAL_NULL_CONVERSION = YES;
				CLANG_WARN_OBJC_IMPLICIT_RETAIN_SELF = YES;
				CLANG_WARN_OBJC_LITERAL_CONVERSION = YES;
				CLANG_WARN_OBJC_ROOT_CLASS = YES_ERROR;
				CLANG_WARN_RANGE_LOOP_ANALYSIS = YES;
				CLANG_WARN_STRICT_PROTOTYPES = YES;
				CLANG_WARN_SUSPICIOUS_MOVE = YES;
				CLANG_WARN_UNGUARDED_AVAILABILITY = YES_AGGRESSIVE;
				CLANG_WARN_UNREACHABLE_CODE = YES;
				CLANG_WARN__DUPLICATE_METHOD_MATCH = YES;
				COPY_PHASE_STRIP = NO;
				DEBUG_INFORMATION_FORMAT = "dwarf-with-dsym";
				ENABLE_NS_ASSERTIONS = NO;
				ENABLE_STRICT_OBJC_MSGSEND = YES;
				GCC_C_LANGUAGE_STANDARD = gnu11;
				GCC_NO_COMMON_BLOCKS = YES;
				GCC_WARN_64_TO_32_BIT_CONVERSION = YES;
				GCC_WARN_ABOUT_RETURN_TYPE = YES_ERROR;
				GCC_WARN_UNDECLARED_SELECTOR = YES;
				GCC_WARN_UNINITIALIZED_AUTOS = YES_AGGRESSIVE;
				GCC_WARN_UNUSED_FUNCTION = YES;
				GCC_WARN_UNUSED_VARIABLE = YES;
				IPHONEOS_DEPLOYMENT_TARGET = 13.5;
				MTL_ENABLE_DEBUG_INFO = NO;
				MTL_FAST_MATH = YES;
				SDKROOT = iphoneos;
				SWIFT_COMPILATION_MODE = wholemodule;
				SWIFT_OPTIMIZATION_LEVEL = "-O";
				VALIDATE_PRODUCT = YES;
			};
			name = Release;
		};
		8E7E82242595B5A400530D14 /* Debug */ = {
			isa = XCBuildConfiguration;
			baseConfigurationReference = 30D148B7DA040121FEA407CD /* Pods-US-BANGLA AIRLINES.debug.xcconfig */;
			buildSettings = {
				ASSETCATALOG_COMPILER_APPICON_NAME = AppIcon;
				CODE_SIGN_STYLE = Manual;
				CURRENT_PROJECT_VERSION = 3;
				DEVELOPMENT_TEAM = "";
				INFOPLIST_FILE = "US-BANGLA AIRLINES/Info.plist";
				IPHONEOS_DEPLOYMENT_TARGET = 12.0;
				LD_RUNPATH_SEARCH_PATHS = (
					"$(inherited)",
					"@executable_path/Frameworks",
				);
				MARKETING_VERSION = 2.1.0;
				PRODUCT_BUNDLE_IDENTIFIER = tarique.stsolutions.usbanglaairlines;
				PRODUCT_NAME = "$(TARGET_NAME)";
				PROVISIONING_PROFILE_SPECIFIER = "";
				SWIFT_VERSION = 5.0;
				TARGETED_DEVICE_FAMILY = 1;
			};
			name = Debug;
		};
		8E7E82252595B5A400530D14 /* Release */ = {
			isa = XCBuildConfiguration;
			baseConfigurationReference = 776259862741068A30210A40 /* Pods-US-BANGLA AIRLINES.release.xcconfig */;
			buildSettings = {
				ASSETCATALOG_COMPILER_APPICON_NAME = AppIcon;
				CODE_SIGN_STYLE = Manual;
				CURRENT_PROJECT_VERSION = 3;
				DEVELOPMENT_TEAM = "";
				INFOPLIST_FILE = "US-BANGLA AIRLINES/Info.plist";
				IPHONEOS_DEPLOYMENT_TARGET = 12.0;
				LD_RUNPATH_SEARCH_PATHS = (
					"$(inherited)",
					"@executable_path/Frameworks",
				);
				MARKETING_VERSION = 2.1.0;
				PRODUCT_BUNDLE_IDENTIFIER = tarique.stsolutions.usbanglaairlines;
				PRODUCT_NAME = "$(TARGET_NAME)";
				PROVISIONING_PROFILE_SPECIFIER = "";
				SWIFT_VERSION = 5.0;
				TARGETED_DEVICE_FAMILY = 1;
			};
			name = Release;
		};
		8E7E82272595B5A400530D14 /* Debug */ = {
			isa = XCBuildConfiguration;
			baseConfigurationReference = 56D1E0AB15898C5E112B4160 /* Pods-US-BANGLA AIRLINESTests.debug.xcconfig */;
			buildSettings = {
				ALWAYS_EMBED_SWIFT_STANDARD_LIBRARIES = YES;
				BUNDLE_LOADER = "$(TEST_HOST)";
				CODE_SIGN_STYLE = Automatic;
				DEVELOPMENT_TEAM = WA34LH76LK;
				INFOPLIST_FILE = "US-BANGLA AIRLINESTests/Info.plist";
				IPHONEOS_DEPLOYMENT_TARGET = 13.5;
				LD_RUNPATH_SEARCH_PATHS = (
					"$(inherited)",
					"@executable_path/Frameworks",
					"@loader_path/Frameworks",
				);
				PRODUCT_BUNDLE_IDENTIFIER = "usbangla.US-BANGLA-AIRLINESTests";
				PRODUCT_NAME = "$(TARGET_NAME)";
				SWIFT_VERSION = 5.0;
				TARGETED_DEVICE_FAMILY = "1,2";
				TEST_HOST = "$(BUILT_PRODUCTS_DIR)/US-BANGLA AIRLINES.app/US-BANGLA AIRLINES";
			};
			name = Debug;
		};
		8E7E82282595B5A400530D14 /* Release */ = {
			isa = XCBuildConfiguration;
			baseConfigurationReference = 07EC9F359B33A85FC80FE066 /* Pods-US-BANGLA AIRLINESTests.release.xcconfig */;
			buildSettings = {
				ALWAYS_EMBED_SWIFT_STANDARD_LIBRARIES = YES;
				BUNDLE_LOADER = "$(TEST_HOST)";
				CODE_SIGN_STYLE = Automatic;
				DEVELOPMENT_TEAM = WA34LH76LK;
				INFOPLIST_FILE = "US-BANGLA AIRLINESTests/Info.plist";
				IPHONEOS_DEPLOYMENT_TARGET = 13.5;
				LD_RUNPATH_SEARCH_PATHS = (
					"$(inherited)",
					"@executable_path/Frameworks",
					"@loader_path/Frameworks",
				);
				PRODUCT_BUNDLE_IDENTIFIER = "usbangla.US-BANGLA-AIRLINESTests";
				PRODUCT_NAME = "$(TARGET_NAME)";
				SWIFT_VERSION = 5.0;
				TARGETED_DEVICE_FAMILY = "1,2";
				TEST_HOST = "$(BUILT_PRODUCTS_DIR)/US-BANGLA AIRLINES.app/US-BANGLA AIRLINES";
			};
			name = Release;
		};
		8E7E822A2595B5A400530D14 /* Debug */ = {
			isa = XCBuildConfiguration;
			baseConfigurationReference = 6F060B4B850D8E77A7E27C3C /* Pods-US-BANGLA AIRLINES-US-BANGLA AIRLINESUITests.debug.xcconfig */;
			buildSettings = {
				ALWAYS_EMBED_SWIFT_STANDARD_LIBRARIES = YES;
				CODE_SIGN_STYLE = Automatic;
				DEVELOPMENT_TEAM = WA34LH76LK;
				INFOPLIST_FILE = "US-BANGLA AIRLINESUITests/Info.plist";
				LD_RUNPATH_SEARCH_PATHS = (
					"$(inherited)",
					"@executable_path/Frameworks",
					"@loader_path/Frameworks",
				);
				PRODUCT_BUNDLE_IDENTIFIER = "usbangla.US-BANGLA-AIRLINESUITests";
				PRODUCT_NAME = "$(TARGET_NAME)";
				SWIFT_VERSION = 5.0;
				TARGETED_DEVICE_FAMILY = "1,2";
				TEST_TARGET_NAME = "US-BANGLA AIRLINES";
			};
			name = Debug;
		};
		8E7E822B2595B5A400530D14 /* Release */ = {
			isa = XCBuildConfiguration;
			baseConfigurationReference = A2BED1193631C8C0AB2308B7 /* Pods-US-BANGLA AIRLINES-US-BANGLA AIRLINESUITests.release.xcconfig */;
			buildSettings = {
				ALWAYS_EMBED_SWIFT_STANDARD_LIBRARIES = YES;
				CODE_SIGN_STYLE = Automatic;
				DEVELOPMENT_TEAM = WA34LH76LK;
				INFOPLIST_FILE = "US-BANGLA AIRLINESUITests/Info.plist";
				LD_RUNPATH_SEARCH_PATHS = (
					"$(inherited)",
					"@executable_path/Frameworks",
					"@loader_path/Frameworks",
				);
				PRODUCT_BUNDLE_IDENTIFIER = "usbangla.US-BANGLA-AIRLINESUITests";
				PRODUCT_NAME = "$(TARGET_NAME)";
				SWIFT_VERSION = 5.0;
				TARGETED_DEVICE_FAMILY = "1,2";
				TEST_TARGET_NAME = "US-BANGLA AIRLINES";
			};
			name = Release;
		};
/* End XCBuildConfiguration section */

/* Begin XCConfigurationList section */
		8E7E81F42595B5A100530D14 /* Build configuration list for PBXProject "US-BANGLA AIRLINES" */ = {
			isa = XCConfigurationList;
			buildConfigurations = (
				8E7E82212595B5A400530D14 /* Debug */,
				8E7E82222595B5A400530D14 /* Release */,
			);
			defaultConfigurationIsVisible = 0;
			defaultConfigurationName = Release;
		};
		8E7E82232595B5A400530D14 /* Build configuration list for PBXNativeTarget "US-BANGLA AIRLINES" */ = {
			isa = XCConfigurationList;
			buildConfigurations = (
				8E7E82242595B5A400530D14 /* Debug */,
				8E7E82252595B5A400530D14 /* Release */,
			);
			defaultConfigurationIsVisible = 0;
			defaultConfigurationName = Release;
		};
		8E7E82262595B5A400530D14 /* Build configuration list for PBXNativeTarget "US-BANGLA AIRLINESTests" */ = {
			isa = XCConfigurationList;
			buildConfigurations = (
				8E7E82272595B5A400530D14 /* Debug */,
				8E7E82282595B5A400530D14 /* Release */,
			);
			defaultConfigurationIsVisible = 0;
			defaultConfigurationName = Release;
		};
		8E7E82292595B5A400530D14 /* Build configuration list for PBXNativeTarget "US-BANGLA AIRLINESUITests" */ = {
			isa = XCConfigurationList;
			buildConfigurations = (
				8E7E822A2595B5A400530D14 /* Debug */,
				8E7E822B2595B5A400530D14 /* Release */,
			);
			defaultConfigurationIsVisible = 0;
			defaultConfigurationName = Release;
		};
/* End XCConfigurationList section */
	};
	rootObject = 8E7E81F12595B5A100530D14 /* Project object */;
}
